// !$*UTF8*$!
{
	archiveVersion = 1;
	classes = {
	};
	objectVersion = 50;
	objects = {

/* Begin PBXBuildFile section */
		BCBDA2842554335200F64D2D /* AppDelegate.swift in Sources */ = {isa = PBXBuildFile; fileRef = BCBDA2832554335200F64D2D /* AppDelegate.swift */; };
		BCBDA2862554335200F64D2D /* SceneDelegate.swift in Sources */ = {isa = PBXBuildFile; fileRef = BCBDA2852554335200F64D2D /* SceneDelegate.swift */; };
		BCBDA2882554335200F64D2D /* ContentView.swift in Sources */ = {isa = PBXBuildFile; fileRef = BCBDA2872554335200F64D2D /* ContentView.swift */; };
		BCBDA28A2554335400F64D2D /* Assets.xcassets in Resources */ = {isa = PBXBuildFile; fileRef = BCBDA2892554335400F64D2D /* Assets.xcassets */; };
		BCBDA28D2554335400F64D2D /* Preview Assets.xcassets in Resources */ = {isa = PBXBuildFile; fileRef = BCBDA28C2554335400F64D2D /* Preview Assets.xcassets */; };
		BCBDA2902554335400F64D2D /* LaunchScreen.storyboard in Resources */ = {isa = PBXBuildFile; fileRef = BCBDA28E2554335400F64D2D /* LaunchScreen.storyboard */; };
		BCBDA299255439C000F64D2D /* NetworkManager.swift in Sources */ = {isa = PBXBuildFile; fileRef = BCBDA298255439C000F64D2D /* NetworkManager.swift */; };
		BCBDA29B25543C6900F64D2D /* Post.swift in Sources */ = {isa = PBXBuildFile; fileRef = BCBDA29A25543C6900F64D2D /* Post.swift */; };
		BCBDA2A02554576500F64D2D /* DetailView.swift in Sources */ = {isa = PBXBuildFile; fileRef = BCBDA29F2554576500F64D2D /* DetailView.swift */; };
		BCBDA2A225545A5300F64D2D /* WebView.swift in Sources */ = {isa = PBXBuildFile; fileRef = BCBDA2A125545A5300F64D2D /* WebView.swift */; };
/* End PBXBuildFile section */

/* Begin PBXFileReference section */
		BCBDA2802554335200F64D2D /* HAXOR N3WZ.app */ = {isa = PBXFileReference; explicitFileType = wrapper.application; includeInIndex = 0; path = "HAXOR N3WZ.app"; sourceTree = BUILT_PRODUCTS_DIR; };
		BCBDA2832554335200F64D2D /* AppDelegate.swift */ = {isa = PBXFileReference; lastKnownFileType = sourcecode.swift; path = AppDelegate.swift; sourceTree = "<group>"; };
		BCBDA2852554335200F64D2D /* SceneDelegate.swift */ = {isa = PBXFileReference; lastKnownFileType = sourcecode.swift; path = SceneDelegate.swift; sourceTree = "<group>"; };
		BCBDA2872554335200F64D2D /* ContentView.swift */ = {isa = PBXFileReference; lastKnownFileType = sourcecode.swift; path = ContentView.swift; sourceTree = "<group>"; };
		BCBDA2892554335400F64D2D /* Assets.xcassets */ = {isa = PBXFileReference; lastKnownFileType = folder.assetcatalog; path = Assets.xcassets; sourceTree = "<group>"; };
		BCBDA28C2554335400F64D2D /* Preview Assets.xcassets */ = {isa = PBXFileReference; lastKnownFileType = folder.assetcatalog; path = "Preview Assets.xcassets"; sourceTree = "<group>"; };
		BCBDA28F2554335400F64D2D /* Base */ = {isa = PBXFileReference; lastKnownFileType = file.storyboard; name = Base; path = Base.lproj/LaunchScreen.storyboard; sourceTree = "<group>"; };
		BCBDA2912554335400F64D2D /* Info.plist */ = {isa = PBXFileReference; lastKnownFileType = text.plist.xml; path = Info.plist; sourceTree = "<group>"; };
		BCBDA298255439C000F64D2D /* NetworkManager.swift */ = {isa = PBXFileReference; lastKnownFileType = sourcecode.swift; path = NetworkManager.swift; sourceTree = "<group>"; };
		BCBDA29A25543C6900F64D2D /* Post.swift */ = {isa = PBXFileReference; lastKnownFileType = sourcecode.swift; path = Post.swift; sourceTree = "<group>"; };
		BCBDA29F2554576500F64D2D /* DetailView.swift */ = {isa = PBXFileReference; lastKnownFileType = sourcecode.swift; path = DetailView.swift; sourceTree = "<group>"; };
		BCBDA2A125545A5300F64D2D /* WebView.swift */ = {isa = PBXFileReference; lastKnownFileType = sourcecode.swift; path = WebView.swift; sourceTree = "<group>"; };
/* End PBXFileReference section */

/* Begin PBXFrameworksBuildPhase section */
		BCBDA27D2554335200F64D2D /* Frameworks */ = {
			isa = PBXFrameworksBuildPhase;
			buildActionMask = 2147483647;
			files = (
			);
			runOnlyForDeploymentPostprocessing = 0;
		};
/* End PBXFrameworksBuildPhase section */

/* Begin PBXGroup section */
		BCBDA2772554335200F64D2D = {
			isa = PBXGroup;
			children = (
				BCBDA2822554335200F64D2D /* HAXOR N3WZ */,
				BCBDA2812554335200F64D2D /* Products */,
			);
			sourceTree = "<group>";
		};
		BCBDA2812554335200F64D2D /* Products */ = {
			isa = PBXGroup;
			children = (
				BCBDA2802554335200F64D2D /* HAXOR N3WZ.app */,
			);
			name = Products;
			sourceTree = "<group>";
		};
		BCBDA2822554335200F64D2D /* HAXOR N3WZ */ = {
			isa = PBXGroup;
			children = (
				BCBDA297255439A800F64D2D /* Model */,
				BCBDA2832554335200F64D2D /* AppDelegate.swift */,
				BCBDA2852554335200F64D2D /* SceneDelegate.swift */,
				BCBDA29C255456F900F64D2D /* Views */,
				BCBDA2892554335400F64D2D /* Assets.xcassets */,
				BCBDA28E2554335400F64D2D /* LaunchScreen.storyboard */,
				BCBDA2912554335400F64D2D /* Info.plist */,
				BCBDA28B2554335400F64D2D /* Preview Content */,
			);
			path = "HAXOR N3WZ";
			sourceTree = "<group>";
		};
		BCBDA28B2554335400F64D2D /* Preview Content */ = {
			isa = PBXGroup;
			children = (
				BCBDA28C2554335400F64D2D /* Preview Assets.xcassets */,
			);
			path = "Preview Content";
			sourceTree = "<group>";
		};
		BCBDA297255439A800F64D2D /* Model */ = {
			isa = PBXGroup;
			children = (
				BCBDA298255439C000F64D2D /* NetworkManager.swift */,
				BCBDA29A25543C6900F64D2D /* Post.swift */,
			);
			path = Model;
			sourceTree = "<group>";
		};
		BCBDA29C255456F900F64D2D /* Views */ = {
			isa = PBXGroup;
			children = (
				BCBDA2872554335200F64D2D /* ContentView.swift */,
				BCBDA29F2554576500F64D2D /* DetailView.swift */,
				BCBDA2A125545A5300F64D2D /* WebView.swift */,
			);
			path = Views;
			sourceTree = "<group>";
		};
/* End PBXGroup section */

/* Begin PBXNativeTarget section */
		BCBDA27F2554335200F64D2D /* HAXOR N3WZ */ = {
			isa = PBXNativeTarget;
			buildConfigurationList = BCBDA2942554335400F64D2D /* Build configuration list for PBXNativeTarget "HAXOR N3WZ" */;
			buildPhases = (
				BCBDA27C2554335200F64D2D /* Sources */,
				BCBDA27D2554335200F64D2D /* Frameworks */,
				BCBDA27E2554335200F64D2D /* Resources */,
			);
			buildRules = (
			);
			dependencies = (
			);
			name = "HAXOR N3WZ";
			productName = "HAXOR N3WZ";
			productReference = BCBDA2802554335200F64D2D /* HAXOR N3WZ.app */;
			productType = "com.apple.product-type.application";
		};
/* End PBXNativeTarget section */

/* Begin PBXProject section */
		BCBDA2782554335200F64D2D /* Project object */ = {
			isa = PBXProject;
			attributes = {
				LastSwiftUpdateCheck = 1170;
				LastUpgradeCheck = 1170;
				ORGANIZATIONNAME = "Abdelrahman Adel";
				TargetAttributes = {
					BCBDA27F2554335200F64D2D = {
						CreatedOnToolsVersion = 11.7;
					};
				};
			};
			buildConfigurationList = BCBDA27B2554335200F64D2D /* Build configuration list for PBXProject "HAXOR N3WZ" */;
			compatibilityVersion = "Xcode 9.3";
			developmentRegion = en;
			hasScannedForEncodings = 0;
			knownRegions = (
				en,
				Base,
			);
			mainGroup = BCBDA2772554335200F64D2D;
			productRefGroup = BCBDA2812554335200F64D2D /* Products */;
			projectDirPath = "";
			projectRoot = "";
			targets = (
				BCBDA27F2554335200F64D2D /* HAXOR N3WZ */,
			);
		};
/* End PBXProject section */

/* Begin PBXResourcesBuildPhase section */
		BCBDA27E2554335200F64D2D /* Resources */ = {
			isa = PBXResourcesBuildPhase;
			buildActionMask = 2147483647;
			files = (
				BCBDA2902554335400F64D2D /* LaunchScreen.storyboard in Resources */,
				BCBDA28D2554335400F64D2D /* Preview Assets.xcassets in Resources */,
				BCBDA28A2554335400F64D2D /* Assets.xcassets in Resources */,
			);
			runOnlyForDeploymentPostprocessing = 0;
		};
/* End PBXResourcesBuildPhase section */

/* Begin PBXSourcesBuildPhase section */
		BCBDA27C2554335200F64D2D /* Sources */ = {
			isa = PBXSourcesBuildPhase;
			buildActionMask = 2147483647;
			files = (
				BCBDA299255439C000F64D2D /* NetworkManager.swift in Sources */,
				BCBDA2A02554576500F64D2D /* DetailView.swift in Sources */,
				BCBDA2842554335200F64D2D /* AppDelegate.swift in Sources */,
				BCBDA2862554335200F64D2D /* SceneDelegate.swift in Sources */,
				BCBDA2882554335200F64D2D /* ContentView.swift in Sources */,
				BCBDA29B25543C6900F64D2D /* Post.swift in Sources */,
				BCBDA2A225545A5300F64D2D /* WebView.swift in Sources */,
			);
			runOnlyForDeploymentPostprocessing = 0;
		};
/* End PBXSourcesBuildPhase section */

/* Begin PBXVariantGroup section */
		BCBDA28E2554335400F64D2D /* LaunchScreen.storyboard */ = {
			isa = PBXVariantGroup;
			children = (
				BCBDA28F2554335400F64D2D /* Base */,
			);
			name = LaunchScreen.storyboard;
			sourceTree = "<group>";
		};
/* End PBXVariantGroup section */

/* Begin XCBuildConfiguration section */
		BCBDA2922554335400F64D2D /* Debug */ = {
			isa = XCBuildConfiguration;
			buildSettings = {
				ALWAYS_SEARCH_USER_PATHS = NO;
				CLANG_ANALYZER_NONNULL = YES;
				CLANG_ANALYZER_NUMBER_OBJECT_CONVERSION = YES_AGGRESSIVE;
				CLANG_CXX_LANGUAGE_STANDARD = "gnu++14";
				CLANG_CXX_LIBRARY = "libc++";
				CLANG_ENABLE_MODULES = YES;
				CLANG_ENABLE_OBJC_ARC = YES;
				CLANG_ENABLE_OBJC_WEAK = YES;
				CLANG_WARN_BLOCK_CAPTURE_AUTORELEASING = YES;
				CLANG_WARN_BOOL_CONVERSION = YES;
				CLANG_WARN_COMMA = YES;
				CLANG_WARN_CONSTANT_CONVERSION = YES;
				CLANG_WARN_DEPRECATED_OBJC_IMPLEMENTATIONS = YES;
				CLANG_WARN_DIRECT_OBJC_ISA_USAGE = YES_ERROR;
				CLANG_WARN_DOCUMENTATION_COMMENTS = YES;
				CLANG_WARN_EMPTY_BODY = YES;
				CLANG_WARN_ENUM_CONVERSION = YES;
				CLANG_WARN_INFINITE_RECURSION = YES;
				CLANG_WARN_INT_CONVERSION = YES;
				CLANG_WARN_NON_LITERAL_NULL_CONVERSION = YES;
				CLANG_WARN_OBJC_IMPLICIT_RETAIN_SELF = YES;
				CLANG_WARN_OBJC_LITERAL_CONVERSION = YES;
				CLANG_WARN_OBJC_ROOT_CLASS = YES_ERROR;
				CLANG_WARN_RANGE_LOOP_ANALYSIS = YES;
				CLANG_WARN_STRICT_PROTOTYPES = YES;
				CLANG_WARN_SUSPICIOUS_MOVE = YES;
				CLANG_WARN_UNGUARDED_AVAILABILITY = YES_AGGRESSIVE;
				CLANG_WARN_UNREACHABLE_CODE = YES;
				CLANG_WARN__DUPLICATE_METHOD_MATCH = YES;
				COPY_PHASE_STRIP = NO;
				DEBUG_INFORMATION_FORMAT = dwarf;
				ENABLE_STRICT_OBJC_MSGSEND = YES;
				ENABLE_TESTABILITY = YES;
				GCC_C_LANGUAGE_STANDARD = gnu11;
				GCC_DYNAMIC_NO_PIC = NO;
				GCC_NO_COMMON_BLOCKS = YES;
				GCC_OPTIMIZATION_LEVEL = 0;
				GCC_PREPROCESSOR_DEFINITIONS = (
					"DEBUG=1",
					"$(inherited)",
				);
				GCC_WARN_64_TO_32_BIT_CONVERSION = YES;
				GCC_WARN_ABOUT_RETURN_TYPE = YES_ERROR;
				GCC_WARN_UNDECLARED_SELECTOR = YES;
				GCC_WARN_UNINITIALIZED_AUTOS = YES_AGGRESSIVE;
				GCC_WARN_UNUSED_FUNCTION = YES;
				GCC_WARN_UNUSED_VARIABLE = YES;
				IPHONEOS_DEPLOYMENT_TARGET = 13.7;
				MTL_ENABLE_DEBUG_INFO = INCLUDE_SOURCE;
				MTL_FAST_MATH = YES;
				ONLY_ACTIVE_ARCH = YES;
				SDKROOT = iphoneos;
				SWIFT_ACTIVE_COMPILATION_CONDITIONS = DEBUG;
				SWIFT_OPTIMIZATION_LEVEL = "-Onone";
			};
			name = Debug;
		};
		BCBDA2932554335400F64D2D /* Release */ = {
			isa = XCBuildConfiguration;
			buildSettings = {
				ALWAYS_SEARCH_USER_PATHS = NO;
				CLANG_ANALYZER_NONNULL = YES;
				CLANG_ANALYZER_NUMBER_OBJECT_CONVERSION = YES_AGGRESSIVE;
				CLANG_CXX_LANGUAGE_STANDARD = "gnu++14";
				CLANG_CXX_LIBRARY = "libc++";
				CLANG_ENABLE_MODULES = YES;
				CLANG_ENABLE_OBJC_ARC = YES;
				CLANG_ENABLE_OBJC_WEAK = YES;
				CLANG_WARN_BLOCK_CAPTURE_AUTORELEASING = YES;
				CLANG_WARN_BOOL_CONVERSION = YES;
				CLANG_WARN_COMMA = YES;
				CLANG_WARN_CONSTANT_CONVERSION = YES;
				CLANG_WARN_DEPRECATED_OBJC_IMPLEMENTATIONS = YES;
				CLANG_WARN_DIRECT_OBJC_ISA_USAGE = YES_ERROR;
				CLANG_WARN_DOCUMENTATION_COMMENTS = YES;
				CLANG_WARN_EMPTY_BODY = YES;
				CLANG_WARN_ENUM_CONVERSION = YES;
				CLANG_WARN_INFINITE_RECURSION = YES;
				CLANG_WARN_INT_CONVERSION = YES;
				CLANG_WARN_NON_LITERAL_NULL_CONVERSION = YES;
				CLANG_WARN_OBJC_IMPLICIT_RETAIN_SELF = YES;
				CLANG_WARN_OBJC_LITERAL_CONVERSION = YES;
				CLANG_WARN_OBJC_ROOT_CLASS = YES_ERROR;
				CLANG_WARN_RANGE_LOOP_ANALYSIS = YES;
				CLANG_WARN_STRICT_PROTOTYPES = YES;
				CLANG_WARN_SUSPICIOUS_MOVE = YES;
				CLANG_WARN_UNGUARDED_AVAILABILITY = YES_AGGRESSIVE;
				CLANG_WARN_UNREACHABLE_CODE = YES;
				CLANG_WARN__DUPLICATE_METHOD_MATCH = YES;
				COPY_PHASE_STRIP = NO;
				DEBUG_INFORMATION_FORMAT = "dwarf-with-dsym";
				ENABLE_NS_ASSERTIONS = NO;
				ENABLE_STRICT_OBJC_MSGSEND = YES;
				GCC_C_LANGUAGE_STANDARD = gnu11;
				GCC_NO_COMMON_BLOCKS = YES;
				GCC_WARN_64_TO_32_BIT_CONVERSION = YES;
				GCC_WARN_ABOUT_RETURN_TYPE = YES_ERROR;
				GCC_WARN_UNDECLARED_SELECTOR = YES;
				GCC_WARN_UNINITIALIZED_AUTOS = YES_AGGRESSIVE;
				GCC_WARN_UNUSED_FUNCTION = YES;
				GCC_WARN_UNUSED_VARIABLE = YES;
				IPHONEOS_DEPLOYMENT_TARGET = 13.7;
				MTL_ENABLE_DEBUG_INFO = NO;
				MTL_FAST_MATH = YES;
				SDKROOT = iphoneos;
				SWIFT_COMPILATION_MODE = wholemodule;
				SWIFT_OPTIMIZATION_LEVEL = "-O";
				VALIDATE_PRODUCT = YES;
			};
			name = Release;
		};
		BCBDA2952554335400F64D2D /* Debug */ = {
			isa = XCBuildConfiguration;
			buildSettings = {
				ASSETCATALOG_COMPILER_APPICON_NAME = AppIcon;
				CODE_SIGN_STYLE = Automatic;
				DEVELOPMENT_ASSET_PATHS = "\"HAXOR N3WZ/Preview Content\"";
				DEVELOPMENT_TEAM = KV3A9D9AH2;
				ENABLE_PREVIEWS = YES;
				INFOPLIST_FILE = "HAXOR N3WZ/Info.plist";
				LD_RUNPATH_SEARCH_PATHS = (
					"$(inherited)",
					"@executable_path/Frameworks",
				);
				PRODUCT_BUNDLE_IDENTIFIER = "com.aboudy.HAXOR-N3WZ";
				PRODUCT_NAME = "$(TARGET_NAME)";
				SWIFT_VERSION = 5.0;
				TARGETED_DEVICE_FAMILY = "1,2";
			};
			name = Debug;
		};
		BCBDA2962554335400F64D2D /* Release */ = {
			isa = XCBuildConfiguration;
			buildSettings = {
				ASSETCATALOG_COMPILER_APPICON_NAME = AppIcon;
				CODE_SIGN_STYLE = Automatic;
				DEVELOPMENT_ASSET_PATHS = "\"HAXOR N3WZ/Preview Content\"";
				DEVELOPMENT_TEAM = KV3A9D9AH2;
				ENABLE_PREVIEWS = YES;
				INFOPLIST_FILE = "HAXOR N3WZ/Info.plist";
				LD_RUNPATH_SEARCH_PATHS = (
					"$(inherited)",
					"@executable_path/Frameworks",
				);
				PRODUCT_BUNDLE_IDENTIFIER = "com.aboudy.HAXOR-N3WZ";
				PRODUCT_NAME = "$(TARGET_NAME)";
				SWIFT_VERSION = 5.0;
				TARGETED_DEVICE_FAMILY = "1,2";
			};
			name = Release;
		};
/* End XCBuildConfiguration section */

/* Begin XCConfigurationList section */
		BCBDA27B2554335200F64D2D /* Build configuration list for PBXProject "HAXOR N3WZ" */ = {
			isa = XCConfigurationList;
			buildConfigurations = (
				BCBDA2922554335400F64D2D /* Debug */,
				BCBDA2932554335400F64D2D /* Release */,
			);
			defaultConfigurationIsVisible = 0;
			defaultConfigurationName = Release;
		};
		BCBDA2942554335400F64D2D /* Build configuration list for PBXNativeTarget "HAXOR N3WZ" */ = {
			isa = XCConfigurationList;
			buildConfigurations = (
				BCBDA2952554335400F64D2D /* Debug */,
				BCBDA2962554335400F64D2D /* Release */,
			);
			defaultConfigurationIsVisible = 0;
			defaultConfigurationName = Release;
		};
/* End XCConfigurationList section */
	};
	rootObject = BCBDA2782554335200F64D2D /* Project object */;
}
